
Microsoft Visual Studio Solution File, Format Version 12.00
# Visual Studio Version 17
VisualStudioVersion = 17.2.32630.192
MinimumVisualStudioVersion = 10.0.40219.1
Project("{FAE04EC0-301F-11D3-BF4B-00C04F79EFBC}") = "Class01", "Class01\Class01.csproj", "{3112475F-93FC-4EC6-8463-AAF05958142E}"
EndProject
Global
	GlobalSection(SolutionConfigurationPlatforms) = preSolution
		Debug|Any CPU = Debug|Any CPU
		Release|Any CPU = Release|Any CPU
	EndGlobalSection
	GlobalSection(ProjectConfigurationPlatforms) = postSolution
		{3112475F-93FC-4EC6-8463-AAF05958142E}.Debug|Any CPU.ActiveCfg = Debug|Any CPU
		{3112475F-93FC-4EC6-8463-AAF05958142E}.Debug|Any CPU.Build.0 = Debug|Any CPU
		{3112475F-93FC-4EC6-8463-AAF05958142E}.Release|Any CPU.ActiveCfg = Release|Any CPU
		{3112475F-93FC-4EC6-8463-AAF05958142E}.Release|Any CPU.Build.0 = Release|Any CPU
	EndGlobalSection
	GlobalSection(SolutionProperties) = preSolution
		HideSolutionNode = FALSE
	EndGlobalSection
	GlobalSection(ExtensibilityGlobals) = postSolution
		SolutionGuid = {040C6F36-8E02-46A7-A160-3E3AAE6CFC4C}
	EndGlobalSection
EndGlobal
