
Microsoft Visual Studio Solution File, Format Version 12.00
# Visual Studio Version 16
VisualStudioVersion = 16.0.31729.503
MinimumVisualStudioVersion = 10.0.40219.1
Project("{FAE04EC0-301F-11D3-BF4B-00C04F79EFBC}") = "Class02", "Class02\Class02.csproj", "{77359EE2-BF94-4543-AEAA-3750D357310E}"
EndProject
Global
	GlobalSection(SolutionConfigurationPlatforms) = preSolution
		Debug|Any CPU = Debug|Any CPU
		Release|Any CPU = Release|Any CPU
	EndGlobalSection
	GlobalSection(ProjectConfigurationPlatforms) = postSolution
		{77359EE2-BF94-4543-AEAA-3750D357310E}.Debug|Any CPU.ActiveCfg = Debug|Any CPU
		{77359EE2-BF94-4543-AEAA-3750D357310E}.Debug|Any CPU.Build.0 = Debug|Any CPU
		{77359EE2-BF94-4543-AEAA-3750D357310E}.Release|Any CPU.ActiveCfg = Release|Any CPU
		{77359EE2-BF94-4543-AEAA-3750D357310E}.Release|Any CPU.Build.0 = Release|Any CPU
	EndGlobalSection
	GlobalSection(SolutionProperties) = preSolution
		HideSolutionNode = FALSE
	EndGlobalSection
	GlobalSection(ExtensibilityGlobals) = postSolution
		SolutionGuid = {4B5CE980-623D-440E-9331-0009B4C99A4E}
	EndGlobalSection
EndGlobal
