
Microsoft Visual Studio Solution File, Format Version 12.00
# Visual Studio Version 17
VisualStudioVersion = 17.2.32630.192
MinimumVisualStudioVersion = 10.0.40219.1
Project("{FAE04EC0-301F-11D3-BF4B-00C04F79EFBC}") = "Assginment02", "Assginment02\Assginment02.csproj", "{80057B85-586C-4224-8B1E-D6BBF7857A43}"
EndProject
Global
	GlobalSection(SolutionConfigurationPlatforms) = preSolution
		Debug|Any CPU = Debug|Any CPU
		Release|Any CPU = Release|Any CPU
	EndGlobalSection
	GlobalSection(ProjectConfigurationPlatforms) = postSolution
		{80057B85-586C-4224-8B1E-D6BBF7857A43}.Debug|Any CPU.ActiveCfg = Debug|Any CPU
		{80057B85-586C-4224-8B1E-D6BBF7857A43}.Debug|Any CPU.Build.0 = Debug|Any CPU
		{80057B85-586C-4224-8B1E-D6BBF7857A43}.Release|Any CPU.ActiveCfg = Release|Any CPU
		{80057B85-586C-4224-8B1E-D6BBF7857A43}.Release|Any CPU.Build.0 = Release|Any CPU
	EndGlobalSection
	GlobalSection(SolutionProperties) = preSolution
		HideSolutionNode = FALSE
	EndGlobalSection
	GlobalSection(ExtensibilityGlobals) = postSolution
		SolutionGuid = {BCEDD0E4-6144-4485-9011-C3325D524D9D}
	EndGlobalSection
EndGlobal
